
Microsoft Visual Studio Solution File, Format Version 12.00
# Visual Studio Version 17
VisualStudioVersion = 17.11.35312.102
MinimumVisualStudioVersion = 10.0.40219.1
Project("{FAE04EC0-301F-11D3-BF4B-00C04F79EFBC}") = "EquipmentDatabasePopulator5E", "EquipmentDatabasePopulator5E.csproj", "{2281DB08-B76B-44C5-B382-9ECB2B9B8EE9}"
EndProject
Global
	GlobalSection(SolutionConfigurationPlatforms) = preSolution
		Debug|Any CPU = Debug|Any CPU
		Release|Any CPU = Release|Any CPU
	EndGlobalSection
	GlobalSection(ProjectConfigurationPlatforms) = postSolution
		{2281DB08-B76B-44C5-B382-9ECB2B9B8EE9}.Debug|Any CPU.ActiveCfg = Debug|Any CPU
		{2281DB08-B76B-44C5-B382-9ECB2B9B8EE9}.Debug|Any CPU.Build.0 = Debug|Any CPU
		{2281DB08-B76B-44C5-B382-9ECB2B9B8EE9}.Release|Any CPU.ActiveCfg = Release|Any CPU
		{2281DB08-B76B-44C5-B382-9ECB2B9B8EE9}.Release|Any CPU.Build.0 = Release|Any CPU
	EndGlobalSection
	GlobalSection(SolutionProperties) = preSolution
		HideSolutionNode = FALSE
	EndGlobalSection
	GlobalSection(ExtensibilityGlobals) = postSolution
		SolutionGuid = {8C01373B-D988-4339-A507-34CEA525E9A4}
	EndGlobalSection
EndGlobal
